
Microsoft Visual Studio Solution File, Format Version 12.00
# Visual Studio Version 17
VisualStudioVersion = 17.9.34902.65
MinimumVisualStudioVersion = 10.0.40219.1
Project("{FAE04EC0-301F-11D3-BF4B-00C04F79EFBC}") = "yt-dl-protocol", "yt-dl-protocol.csproj", "{67B7CA69-2266-4DE6-A7B7-0A80F534C377}"
EndProject
Global
	GlobalSection(SolutionConfigurationPlatforms) = preSolution
		Debug|Any CPU = Debug|Any CPU
		Release|Any CPU = Release|Any CPU
	EndGlobalSection
	GlobalSection(ProjectConfigurationPlatforms) = postSolution
		{67B7CA69-2266-4DE6-A7B7-0A80F534C377}.Debug|Any CPU.ActiveCfg = Debug|Any CPU
		{67B7CA69-2266-4DE6-A7B7-0A80F534C377}.Debug|Any CPU.Build.0 = Debug|Any CPU
		{67B7CA69-2266-4DE6-A7B7-0A80F534C377}.Release|Any CPU.ActiveCfg = Release|Any CPU
		{67B7CA69-2266-4DE6-A7B7-0A80F534C377}.Release|Any CPU.Build.0 = Release|Any CPU
	EndGlobalSection
	GlobalSection(SolutionProperties) = preSolution
		HideSolutionNode = FALSE
	EndGlobalSection
	GlobalSection(ExtensibilityGlobals) = postSolution
		SolutionGuid = {69C14CD6-9C13-4A56-941A-24A8D4CC5255}
	EndGlobalSection
EndGlobal
